
Microsoft Visual Studio Solution File, Format Version 12.00
# Visual Studio Version 16
VisualStudioVersion = 16.0.31005.135
MinimumVisualStudioVersion = 10.0.40219.1
Project("{9A19103F-16F7-4668-BE54-9A1E7A4F7556}") = "CloudEngineering.CodeOps.Abstractions", "src\CloudEngineering.CodeOps.Abstractions\CloudEngineering.CodeOps.Abstractions.csproj", "{3E29804B-CAC3-4B1B-8AB7-BFDF800A90D6}"
EndProject
Project("{9A19103F-16F7-4668-BE54-9A1E7A4F7556}") = "CloudEngineering.CodeOps.Infrastructure.EntityFramework", "src\CloudEngineering.CodeOps.Infrastructure.EntityFramework\CloudEngineering.CodeOps.Infrastructure.EntityFramework.csproj", "{D9998C01-6CEB-47BD-B4DC-0226332CB7E1}"
EndProject
Project("{9A19103F-16F7-4668-BE54-9A1E7A4F7556}") = "CloudEngineering.CodeOps.Infrastructure.Kafka", "src\CloudEngineering.CodeOps.Infrastructure.Kafka\CloudEngineering.CodeOps.Infrastructure.Kafka.csproj", "{66AE13CF-E02B-4BFF-9315-E0E9CE8290BB}"
EndProject
Project("{2150E333-8FDC-42A3-9474-1A3956D46DE8}") = ".ado", ".ado", "{F5BDABA2-5AEE-4FEC-80BF-652AD51690E0}"
	ProjectSection(SolutionItems) = preProject
		pipeline.yml = pipeline.yml
	EndProjectSection
EndProject
Project("{9A19103F-16F7-4668-BE54-9A1E7A4F7556}") = "CloudEngineering.CodeOps.Infrastructure.AzureDevOps", "src\CloudEngineering.CodeOps.Infrastructure.AzureDevOps\CloudEngineering.CodeOps.Infrastructure.AzureDevOps.csproj", "{3DE90C90-5F10-450D-8B73-9E4E98ECBD23}"
EndProject
Project("{2150E333-8FDC-42A3-9474-1A3956D46DE8}") = ".nuget", ".nuget", "{B7C37D0C-195A-40D0-B590-BB47A482F1C4}"
	ProjectSection(SolutionItems) = preProject
		nuget.config = nuget.config
	EndProjectSection
EndProject
Project("{2150E333-8FDC-42A3-9474-1A3956D46DE8}") = ".git", ".git", "{B6A57597-0911-4AF1-82A0-725FD96159A9}"
	ProjectSection(SolutionItems) = preProject
		.gitignore = .gitignore
	EndProjectSection
EndProject
Project("{9A19103F-16F7-4668-BE54-9A1E7A4F7556}") = "CloudEngineering.CodeOps.Security.Policies", "src\CloudEngineering.CodeOps.Security.Policies\CloudEngineering.CodeOps.Security.Policies.csproj", "{17AAFE4F-5251-4DF5-8B43-5D267439FECF}"
EndProject
Project("{9A19103F-16F7-4668-BE54-9A1E7A4F7556}") = "CloudEngineering.CodeOps.Infrastructure.AmazonWebServices", "src\CloudEngineering.CodeOps.Infrastructure.AmazonWebServices\CloudEngineering.CodeOps.Infrastructure.AmazonWebServices.csproj", "{E6B38218-012D-4F36-8F41-632681616B74}"
EndProject
Project("{2150E333-8FDC-42A3-9474-1A3956D46DE8}") = "test", "test", "{18C7D691-211D-42E7-A423-3E2B02B286DA}"
EndProject
Project("{9A19103F-16F7-4668-BE54-9A1E7A4F7556}") = "CloudEngineering.CodeOps.Infrastructure.AmazonWebServices.IntegrationTest", "test\CloudEngineering.CodeOps.Infrastructure.AmazonWebServices.IntegrationTest\CloudEngineering.CodeOps.Infrastructure.AmazonWebServices.IntegrationTest.csproj", "{54579483-4237-4992-9F27-4BA31A35FFAC}"
EndProject
Project("{9A19103F-16F7-4668-BE54-9A1E7A4F7556}") = "CloudEngineering.CodeOps.Infrastructure.AmazonWebServices.UnitTest", "test\CloudEngineering.CodeOps.Infrastructure.AmazonWebServices.UnitTest\CloudEngineering.CodeOps.Infrastructure.AmazonWebServices.UnitTest.csproj", "{B81A2B05-3766-4BAA-93F3-66655739343D}"
EndProject
Project("{9A19103F-16F7-4668-BE54-9A1E7A4F7556}") = "CloudEngineering.CodeOps.Infrastructure.AzureDevOps.UnitTest", "test\CloudEngineering.CodeOps.Infrastructure.AzureDevOps.UnitTest\CloudEngineering.CodeOps.Infrastructure.AzureDevOps.UnitTest.csproj", "{2751DD5C-604D-4FF1-922A-27AE9F184752}"
EndProject
Project("{9A19103F-16F7-4668-BE54-9A1E7A4F7556}") = "CloudEngineering.CodeOps.Infrastructure.AzureDevOps.IntegrationTest", "test\CloudEngineering.CodeOps.Infrastructure.AzureDevOps.IntegrationTest\CloudEngineering.CodeOps.Infrastructure.AzureDevOps.IntegrationTest.csproj", "{8619867C-4FCB-47D7-8B38-DC1F258A8786}"
EndProject
Global
	GlobalSection(SolutionConfigurationPlatforms) = preSolution
		Debug|Any CPU = Debug|Any CPU
		Release|Any CPU = Release|Any CPU
	EndGlobalSection
	GlobalSection(ProjectConfigurationPlatforms) = postSolution
		{3E29804B-CAC3-4B1B-8AB7-BFDF800A90D6}.Debug|Any CPU.ActiveCfg = Debug|Any CPU
		{3E29804B-CAC3-4B1B-8AB7-BFDF800A90D6}.Debug|Any CPU.Build.0 = Debug|Any CPU
		{3E29804B-CAC3-4B1B-8AB7-BFDF800A90D6}.Release|Any CPU.ActiveCfg = Release|Any CPU
		{3E29804B-CAC3-4B1B-8AB7-BFDF800A90D6}.Release|Any CPU.Build.0 = Release|Any CPU
		{D9998C01-6CEB-47BD-B4DC-0226332CB7E1}.Debug|Any CPU.ActiveCfg = Debug|Any CPU
		{D9998C01-6CEB-47BD-B4DC-0226332CB7E1}.Debug|Any CPU.Build.0 = Debug|Any CPU
		{D9998C01-6CEB-47BD-B4DC-0226332CB7E1}.Release|Any CPU.ActiveCfg = Release|Any CPU
		{D9998C01-6CEB-47BD-B4DC-0226332CB7E1}.Release|Any CPU.Build.0 = Release|Any CPU
		{66AE13CF-E02B-4BFF-9315-E0E9CE8290BB}.Debug|Any CPU.ActiveCfg = Debug|Any CPU
		{66AE13CF-E02B-4BFF-9315-E0E9CE8290BB}.Debug|Any CPU.Build.0 = Debug|Any CPU
		{66AE13CF-E02B-4BFF-9315-E0E9CE8290BB}.Release|Any CPU.ActiveCfg = Release|Any CPU
		{66AE13CF-E02B-4BFF-9315-E0E9CE8290BB}.Release|Any CPU.Build.0 = Release|Any CPU
		{3DE90C90-5F10-450D-8B73-9E4E98ECBD23}.Debug|Any CPU.ActiveCfg = Debug|Any CPU
		{3DE90C90-5F10-450D-8B73-9E4E98ECBD23}.Debug|Any CPU.Build.0 = Debug|Any CPU
		{3DE90C90-5F10-450D-8B73-9E4E98ECBD23}.Release|Any CPU.ActiveCfg = Release|Any CPU
		{3DE90C90-5F10-450D-8B73-9E4E98ECBD23}.Release|Any CPU.Build.0 = Release|Any CPU
		{17AAFE4F-5251-4DF5-8B43-5D267439FECF}.Debug|Any CPU.ActiveCfg = Debug|Any CPU
		{17AAFE4F-5251-4DF5-8B43-5D267439FECF}.Debug|Any CPU.Build.0 = Debug|Any CPU
		{17AAFE4F-5251-4DF5-8B43-5D267439FECF}.Release|Any CPU.ActiveCfg = Release|Any CPU
		{17AAFE4F-5251-4DF5-8B43-5D267439FECF}.Release|Any CPU.Build.0 = Release|Any CPU
		{E6B38218-012D-4F36-8F41-632681616B74}.Debug|Any CPU.ActiveCfg = Debug|Any CPU
		{E6B38218-012D-4F36-8F41-632681616B74}.Debug|Any CPU.Build.0 = Debug|Any CPU
		{E6B38218-012D-4F36-8F41-632681616B74}.Release|Any CPU.ActiveCfg = Release|Any CPU
		{E6B38218-012D-4F36-8F41-632681616B74}.Release|Any CPU.Build.0 = Release|Any CPU
		{54579483-4237-4992-9F27-4BA31A35FFAC}.Debug|Any CPU.ActiveCfg = Debug|Any CPU
		{54579483-4237-4992-9F27-4BA31A35FFAC}.Debug|Any CPU.Build.0 = Debug|Any CPU
		{54579483-4237-4992-9F27-4BA31A35FFAC}.Release|Any CPU.ActiveCfg = Release|Any CPU
		{54579483-4237-4992-9F27-4BA31A35FFAC}.Release|Any CPU.Build.0 = Release|Any CPU
		{B81A2B05-3766-4BAA-93F3-66655739343D}.Debug|Any CPU.ActiveCfg = Debug|Any CPU
		{B81A2B05-3766-4BAA-93F3-66655739343D}.Debug|Any CPU.Build.0 = Debug|Any CPU
		{B81A2B05-3766-4BAA-93F3-66655739343D}.Release|Any CPU.ActiveCfg = Release|Any CPU
		{B81A2B05-3766-4BAA-93F3-66655739343D}.Release|Any CPU.Build.0 = Release|Any CPU
		{2751DD5C-604D-4FF1-922A-27AE9F184752}.Debug|Any CPU.ActiveCfg = Debug|Any CPU
		{2751DD5C-604D-4FF1-922A-27AE9F184752}.Debug|Any CPU.Build.0 = Debug|Any CPU
		{2751DD5C-604D-4FF1-922A-27AE9F184752}.Release|Any CPU.ActiveCfg = Release|Any CPU
		{2751DD5C-604D-4FF1-922A-27AE9F184752}.Release|Any CPU.Build.0 = Release|Any CPU
		{8619867C-4FCB-47D7-8B38-DC1F258A8786}.Debug|Any CPU.ActiveCfg = Debug|Any CPU
		{8619867C-4FCB-47D7-8B38-DC1F258A8786}.Debug|Any CPU.Build.0 = Debug|Any CPU
		{8619867C-4FCB-47D7-8B38-DC1F258A8786}.Release|Any CPU.ActiveCfg = Release|Any CPU
		{8619867C-4FCB-47D7-8B38-DC1F258A8786}.Release|Any CPU.Build.0 = Release|Any CPU
	EndGlobalSection
	GlobalSection(SolutionProperties) = preSolution
		HideSolutionNode = FALSE
	EndGlobalSection
	GlobalSection(NestedProjects) = preSolution
		{54579483-4237-4992-9F27-4BA31A35FFAC} = {18C7D691-211D-42E7-A423-3E2B02B286DA}
		{B81A2B05-3766-4BAA-93F3-66655739343D} = {18C7D691-211D-42E7-A423-3E2B02B286DA}
		{2751DD5C-604D-4FF1-922A-27AE9F184752} = {18C7D691-211D-42E7-A423-3E2B02B286DA}
		{8619867C-4FCB-47D7-8B38-DC1F258A8786} = {18C7D691-211D-42E7-A423-3E2B02B286DA}
	EndGlobalSection
	GlobalSection(ExtensibilityGlobals) = postSolution
		SolutionGuid = {F9448AE6-B1F7-4EC1-BD90-A66D74064341}
	EndGlobalSection
EndGlobal
