
Microsoft Visual Studio Solution File, Format Version 12.00
# Visual Studio Version 16
VisualStudioVersion = 16.0.31005.135
MinimumVisualStudioVersion = 10.0.40219.1
Project("{9A19103F-16F7-4668-BE54-9A1E7A4F7556}") = "CloudEngineering.CodeOps.Abstractions", "src\CloudEngineering.CodeOps.Abstractions\CloudEngineering.CodeOps.Abstractions.csproj", "{3E29804B-CAC3-4B1B-8AB7-BFDF800A90D6}"
EndProject
Global
	GlobalSection(SolutionConfigurationPlatforms) = preSolution
		Debug|Any CPU = Debug|Any CPU
		Release|Any CPU = Release|Any CPU
	EndGlobalSection
	GlobalSection(ProjectConfigurationPlatforms) = postSolution
		{3E29804B-CAC3-4B1B-8AB7-BFDF800A90D6}.Debug|Any CPU.ActiveCfg = Debug|Any CPU
		{3E29804B-CAC3-4B1B-8AB7-BFDF800A90D6}.Debug|Any CPU.Build.0 = Debug|Any CPU
		{3E29804B-CAC3-4B1B-8AB7-BFDF800A90D6}.Release|Any CPU.ActiveCfg = Release|Any CPU
		{3E29804B-CAC3-4B1B-8AB7-BFDF800A90D6}.Release|Any CPU.Build.0 = Release|Any CPU
	EndGlobalSection
	GlobalSection(SolutionProperties) = preSolution
		HideSolutionNode = FALSE
	EndGlobalSection
	GlobalSection(ExtensibilityGlobals) = postSolution
		SolutionGuid = {F9448AE6-B1F7-4EC1-BD90-A66D74064341}
	EndGlobalSection
EndGlobal
